{
  "name": "deforestation-project2020",
  "version": "1.0.0",
  "lockfileVersion": 1,
  "requires": true,
  "dependencies": {
    "counterup": {
      "version": "1.0.2",
      "resolved": "https://registry.npmjs.org/counterup/-/counterup-1.0.2.tgz",
      "integrity": "sha1-B9vh5dMYwXAtv/ir4l6aS4Jp3Hg=",
      "requires": {
        "jquery": ">=1.5",
        "waypoints": ">=2.0"
      }
    },
    "countup.js": {
      "version": "2.0.5",
      "resolved": "https://registry.npmjs.org/countup.js/-/countup.js-2.0.5.tgz",
      "integrity": "sha512-cyEnorbu6PyvbCnPBKoQh1SG7RGzAGFkIWeB+XErjRSelqRQaSKX1OQbPZGddBYiaNja89536NqbnbAySKap/A=="
    },
    "fullpage.js": {
      "version": "3.0.8",
      "resolved": "https://registry.npmjs.org/fullpage.js/-/fullpage.js-3.0.8.tgz",
      "integrity": "sha512-r4B/MNuxylgzSlY+w4klD0lYYlmzEy7doDvurupAuO1ObKBgu9EB5GPuoeJTP7t/njFlzAM/Wu/I+FL3WvudCw=="
    },
    "jquery": {
      "version": "3.5.1",
      "resolved": "https://registry.npmjs.org/jquery/-/jquery-3.5.1.tgz",
      "integrity": "sha512-XwIBPqcMn57FxfT+Go5pzySnm4KWkT1Tv7gjrpT1srtf8Weynl6R273VJ5GjkRb51IzMp5nbaPjJXMWeju2MKg=="
    },
    "waypoints": {
      "version": "4.0.1",
      "resolved": "https://registry.npmjs.org/waypoints/-/waypoints-4.0.1.tgz",
      "integrity": "sha1-CZeaBXOBCylifLpDZqKEoGLsacg="
    }
  }
}
